
Microsoft Visual Studio Solution File, Format Version 12.00
# Visual Studio Version 16
VisualStudioVersion = 16.0.28922.388
MinimumVisualStudioVersion = 10.0.40219.1
Project("{9A19103F-16F7-4668-BE54-9A1E7A4F7556}") = "NashTechAdsAPI", "src\NashTechAdsAPI\NashTechAdsAPI.csproj", "{04494826-21DB-4996-8DAF-3DFA8CD4BD8B}"
EndProject
Project("{2150E333-8FDC-42A3-9474-1A3956D46DE8}") = "Solution Items", "Solution Items", "{B41EF73A-BD6B-487C-ADA7-A4B0D0DC5E2B}"
	ProjectSection(SolutionItems) = preProject
		.editorconfig = .editorconfig
	EndProjectSection
EndProject
Project("{9A19103F-16F7-4668-BE54-9A1E7A4F7556}") = "NashTechAdsAPI.Test", "test\NashTechAdsAPI.Test\NashTechAdsAPI.Test.csproj", "{CA7CB382-B538-4A8D-9636-51CDA58A3528}"
EndProject
Global
	GlobalSection(SolutionConfigurationPlatforms) = preSolution
		Debug|Any CPU = Debug|Any CPU
		Release|Any CPU = Release|Any CPU
	EndGlobalSection
	GlobalSection(ProjectConfigurationPlatforms) = postSolution
		{04494826-21DB-4996-8DAF-3DFA8CD4BD8B}.Debug|Any CPU.ActiveCfg = Debug|Any CPU
		{04494826-21DB-4996-8DAF-3DFA8CD4BD8B}.Debug|Any CPU.Build.0 = Debug|Any CPU
		{04494826-21DB-4996-8DAF-3DFA8CD4BD8B}.Release|Any CPU.ActiveCfg = Release|Any CPU
		{04494826-21DB-4996-8DAF-3DFA8CD4BD8B}.Release|Any CPU.Build.0 = Release|Any CPU
		{CA7CB382-B538-4A8D-9636-51CDA58A3528}.Debug|Any CPU.ActiveCfg = Debug|Any CPU
		{CA7CB382-B538-4A8D-9636-51CDA58A3528}.Debug|Any CPU.Build.0 = Debug|Any CPU
		{CA7CB382-B538-4A8D-9636-51CDA58A3528}.Release|Any CPU.ActiveCfg = Release|Any CPU
		{CA7CB382-B538-4A8D-9636-51CDA58A3528}.Release|Any CPU.Build.0 = Release|Any CPU
	EndGlobalSection
	GlobalSection(SolutionProperties) = preSolution
		HideSolutionNode = FALSE
	EndGlobalSection
	GlobalSection(ExtensibilityGlobals) = postSolution
		SolutionGuid = {DD6CEBC3-8B5C-442B-B04E-166B9E208FB6}
	EndGlobalSection
EndGlobal
